
Microsoft Visual Studio Solution File, Format Version 12.00
# Visual Studio Version 17
VisualStudioVersion = 17.2.32602.215
MinimumVisualStudioVersion = 10.0.40219.1
Project("{9A19103F-16F7-4668-BE54-9A1E7A4F7556}") = "ConsoleYoutubeDownloader", "ConsoleYoutubeDownloader.csproj", "{C236C052-2460-45D8-A7E4-846A2FCE5581}"
EndProject
Global
	GlobalSection(SolutionConfigurationPlatforms) = preSolution
		ConsoleYoutubeDowloader|Any CPU = ConsoleYoutubeDowloader|Any CPU
		ConsoleYoutubeDowloader|x64 = ConsoleYoutubeDowloader|x64
		Debug|Any CPU = Debug|Any CPU
		Debug|x64 = Debug|x64
		Release|Any CPU = Release|Any CPU
		Release|x64 = Release|x64
	EndGlobalSection
	GlobalSection(ProjectConfigurationPlatforms) = postSolution
		{C236C052-2460-45D8-A7E4-846A2FCE5581}.ConsoleYoutubeDowloader|Any CPU.ActiveCfg = ConsoleYoutubeDowloader|Any CPU
		{C236C052-2460-45D8-A7E4-846A2FCE5581}.ConsoleYoutubeDowloader|Any CPU.Build.0 = ConsoleYoutubeDowloader|Any CPU
		{C236C052-2460-45D8-A7E4-846A2FCE5581}.ConsoleYoutubeDowloader|x64.ActiveCfg = ConsoleYoutubeDowloader|x64
		{C236C052-2460-45D8-A7E4-846A2FCE5581}.ConsoleYoutubeDowloader|x64.Build.0 = ConsoleYoutubeDowloader|x64
		{C236C052-2460-45D8-A7E4-846A2FCE5581}.Debug|Any CPU.ActiveCfg = Release|Any CPU
		{C236C052-2460-45D8-A7E4-846A2FCE5581}.Debug|Any CPU.Build.0 = Release|Any CPU
		{C236C052-2460-45D8-A7E4-846A2FCE5581}.Debug|x64.ActiveCfg = Debug|x64
		{C236C052-2460-45D8-A7E4-846A2FCE5581}.Debug|x64.Build.0 = Debug|x64
		{C236C052-2460-45D8-A7E4-846A2FCE5581}.Release|Any CPU.ActiveCfg = Release|Any CPU
		{C236C052-2460-45D8-A7E4-846A2FCE5581}.Release|Any CPU.Build.0 = Release|Any CPU
		{C236C052-2460-45D8-A7E4-846A2FCE5581}.Release|x64.ActiveCfg = Release|x64
		{C236C052-2460-45D8-A7E4-846A2FCE5581}.Release|x64.Build.0 = Release|x64
	EndGlobalSection
	GlobalSection(SolutionProperties) = preSolution
		HideSolutionNode = FALSE
	EndGlobalSection
	GlobalSection(ExtensibilityGlobals) = postSolution
		SolutionGuid = {2D540C33-0464-4581-BEAC-273CD76BE23B}
	EndGlobalSection
EndGlobal
